
Microsoft Visual Studio Solution File, Format Version 12.00
# Visual Studio Version 17
VisualStudioVersion = 17.7.34202.233
MinimumVisualStudioVersion = 10.0.40219.1
Project("{FAE04EC0-301F-11D3-BF4B-00C04F79EFBC}") = "Labb6OOPArv", "Labb6OOPArv.csproj", "{CA04FA50-9E7E-4FD2-AD70-A7EA140B89FE}"
EndProject
Global
	GlobalSection(SolutionConfigurationPlatforms) = preSolution
		Debug|Any CPU = Debug|Any CPU
		Release|Any CPU = Release|Any CPU
	EndGlobalSection
	GlobalSection(ProjectConfigurationPlatforms) = postSolution
		{CA04FA50-9E7E-4FD2-AD70-A7EA140B89FE}.Debug|Any CPU.ActiveCfg = Debug|Any CPU
		{CA04FA50-9E7E-4FD2-AD70-A7EA140B89FE}.Debug|Any CPU.Build.0 = Debug|Any CPU
		{CA04FA50-9E7E-4FD2-AD70-A7EA140B89FE}.Release|Any CPU.ActiveCfg = Release|Any CPU
		{CA04FA50-9E7E-4FD2-AD70-A7EA140B89FE}.Release|Any CPU.Build.0 = Release|Any CPU
	EndGlobalSection
	GlobalSection(SolutionProperties) = preSolution
		HideSolutionNode = FALSE
	EndGlobalSection
	GlobalSection(ExtensibilityGlobals) = postSolution
		SolutionGuid = {84A01953-AEDB-4449-8C25-AB8FA0E1BA07}
	EndGlobalSection
EndGlobal
